
Microsoft Visual Studio Solution File, Format Version 12.00
# Visual Studio Version 16
VisualStudioVersion = 16.0.33328.57
MinimumVisualStudioVersion = 10.0.40219.1
Project("{FAE04EC0-301F-11D3-BF4B-00C04F79EFBC}") = "SoftPets", "SoftPets.csproj", "{09BC37C2-A00C-4D9D-B247-0FAB78B96AB2}"
EndProject
Project("{FAE04EC0-301F-11D3-BF4B-00C04F79EFBC}") = "SoftPets.Tests", "..\SoftPets.Tests\SoftPets.Tests.csproj", "{6D245C35-D238-4C9A-866C-E6A4E9380ADD}"
EndProject
Global
	GlobalSection(SolutionConfigurationPlatforms) = preSolution
		Debug|Any CPU = Debug|Any CPU
		Release|Any CPU = Release|Any CPU
	EndGlobalSection
	GlobalSection(ProjectConfigurationPlatforms) = postSolution
		{09BC37C2-A00C-4D9D-B247-0FAB78B96AB2}.Debug|Any CPU.ActiveCfg = Debug|Any CPU
		{09BC37C2-A00C-4D9D-B247-0FAB78B96AB2}.Debug|Any CPU.Build.0 = Debug|Any CPU
		{09BC37C2-A00C-4D9D-B247-0FAB78B96AB2}.Release|Any CPU.ActiveCfg = Release|Any CPU
		{09BC37C2-A00C-4D9D-B247-0FAB78B96AB2}.Release|Any CPU.Build.0 = Release|Any CPU
		{6D245C35-D238-4C9A-866C-E6A4E9380ADD}.Debug|Any CPU.ActiveCfg = Debug|Any CPU
		{6D245C35-D238-4C9A-866C-E6A4E9380ADD}.Debug|Any CPU.Build.0 = Debug|Any CPU
		{6D245C35-D238-4C9A-866C-E6A4E9380ADD}.Release|Any CPU.ActiveCfg = Release|Any CPU
		{6D245C35-D238-4C9A-866C-E6A4E9380ADD}.Release|Any CPU.Build.0 = Release|Any CPU
	EndGlobalSection
	GlobalSection(SolutionProperties) = preSolution
		HideSolutionNode = FALSE
	EndGlobalSection
	GlobalSection(ExtensibilityGlobals) = postSolution
		SolutionGuid = {A7144F63-BAF2-42AD-8F5B-8E89DA8079A0}
	EndGlobalSection
EndGlobal
